
Microsoft Visual Studio Solution File, Format Version 12.00
# Visual Studio Version 16
VisualStudioVersion = 16.0.30907.101
MinimumVisualStudioVersion = 10.0.40219.1
Project("{9A19103F-16F7-4668-BE54-9A1E7A4F7556}") = "Raccoon.Devkits.Gateway.Client", "Raccoon.Devkits.Gateway.Client\Raccoon.Devkits.Gateway.Client.csproj", "{5D2AF9CC-864E-42B4-A15C-F7F10966778E}"
EndProject
Global
	GlobalSection(SolutionConfigurationPlatforms) = preSolution
		Debug|Any CPU = Debug|Any CPU
		Release|Any CPU = Release|Any CPU
	EndGlobalSection
	GlobalSection(ProjectConfigurationPlatforms) = postSolution
		{5D2AF9CC-864E-42B4-A15C-F7F10966778E}.Debug|Any CPU.ActiveCfg = Debug|Any CPU
		{5D2AF9CC-864E-42B4-A15C-F7F10966778E}.Debug|Any CPU.Build.0 = Debug|Any CPU
		{5D2AF9CC-864E-42B4-A15C-F7F10966778E}.Release|Any CPU.ActiveCfg = Release|Any CPU
		{5D2AF9CC-864E-42B4-A15C-F7F10966778E}.Release|Any CPU.Build.0 = Release|Any CPU
	EndGlobalSection
	GlobalSection(SolutionProperties) = preSolution
		HideSolutionNode = FALSE
	EndGlobalSection
	GlobalSection(ExtensibilityGlobals) = postSolution
		SolutionGuid = {746F1B73-9193-4C8A-B27D-94034A3CA631}
	EndGlobalSection
EndGlobal
